
Microsoft Visual Studio Solution File, Format Version 12.00
# Visual Studio Version 17
VisualStudioVersion = 17.5.2.0
MinimumVisualStudioVersion = 10.0.40219.1
Project("{2150E333-8FDC-42A3-9474-1A3956D46DE8}") = "auth-server", "auth-server", "{0AB2403E-21D5-F837-CA70-7B3176EC020F}"
EndProject
Project("{2150E333-8FDC-42A3-9474-1A3956D46DE8}") = "api-gateway", "api-gateway", "{D5740E39-79EC-8D71-EBC3-DD458F48E25C}"
EndProject
Project("{2150E333-8FDC-42A3-9474-1A3956D46DE8}") = "microservices", "microservices", "{8A367DDA-5161-A942-4F09-60E4726C9306}"
EndProject
Project("{FAE04EC0-301F-11D3-BF4B-00C04F79EFBC}") = "AuthServer", "microservices\AuthServer\AuthServer.csproj", "{37B6EAE1-C462-61D7-686C-39961B4918FC}"
EndProject
Project("{FAE04EC0-301F-11D3-BF4B-00C04F79EFBC}") = "ApiGateway", "ApiGateway\ApiGateway.csproj", "{78617102-00E3-2DE6-2B21-1D4CF2BB9E9D}"
EndProject
Project("{FAE04EC0-301F-11D3-BF4B-00C04F79EFBC}") = "funeralv2Api", "microservices\funeralv2Api\funeralv2Api.csproj", "{FC069C58-AFF9-874D-424E-51D738D28DC8}"
EndProject
Project("{FAE04EC0-301F-11D3-BF4B-00C04F79EFBC}") = "AIAgentServer", "microservices\AIAgentServer\AIAgentServer.csproj", "{49A65650-CBE4-4DE5-97D3-FAC385F40288}"
EndProject
Project("{FAE04EC0-301F-11D3-BF4B-00C04F79EFBC}") = "HelpDeskServer", "microservices\HelpDeskServer\HelpDeskServer.csproj", "{99311B78-D1B1-4D59-9E7E-35EDB402BEF2}"
EndProject
Project("{FAE04EC0-301F-11D3-BF4B-00C04F79EFBC}") = "FileServer", "microservices\FileServer\FileServer.csproj", "{3A9D84E6-7D04-446E-9F69-0525ABC666F4}"
EndProject
Project("{2150E333-8FDC-42A3-9474-1A3956D46DE8}") = "Common", "Common", "{1A708649-3CE1-43D2-90B4-03A03C84A3CE}"
EndProject
Project("{FAE04EC0-301F-11D3-BF4B-00C04F79EFBC}") = "JSini.Shared.DTOs", "microservices\Common\JSini.Shared.DTOs\JSini.Shared.DTOs.csproj", "{1034C34D-7C43-4199-8FF2-CE9BC4A23EEC}"
EndProject
Project("{FAE04EC0-301F-11D3-BF4B-00C04F79EFBC}") = "JSini.Shared.Domain", "microservices\Common\JSini.Shared.Domain\JSini.Shared.Domain.csproj", "{6BD3F854-6110-4CBB-9B0D-97734CAF6F63}"
EndProject
Project("{FAE04EC0-301F-11D3-BF4B-00C04F79EFBC}") = "JSini.Shared.Infrastructure", "microservices\Common\JSini.Shared.Infrastructure\JSini.Shared.Infrastructure.csproj", "{448C6115-AB9F-4596-9B6A-7A4E739D3DC9}"
EndProject
Project("{FAE04EC0-301F-11D3-BF4B-00C04F79EFBC}") = "ProjMngServer", "microservices\ProjMngServer\ProjMngServer.csproj", "{8567BBF2-F100-4E90-961E-F944DC07E663}"
EndProject
Project("{FAE04EC0-301F-11D3-BF4B-00C04F79EFBC}") = "SiteServer", "microservices\SiteServer\SiteServer.csproj", "{976C0C91-9262-4FD9-B57F-F1561AA3DEE9}"
EndProject
Project("{FAE04EC0-301F-11D3-BF4B-00C04F79EFBC}") = "NotificationServer", "microservices\NotificationServer\NotificationServer.csproj", "{3584B106-3ABE-4FBC-B8FB-9C77058B3766}"
EndProject
Project("{FAE04EC0-301F-11D3-BF4B-00C04F79EFBC}") = "LifeEnvServer", "microservices\LifeEnvServer\LifeEnvServer.csproj", "{DAADF995-700F-4F35-ADE0-08CD95CBCB46}"
EndProject
Project("{2150E333-8FDC-42A3-9474-1A3956D46DE8}") = "tools", "tools", "{F2DF177C-5E87-4D7D-85E2-40CD8D212774}"
EndProject
Project("{FAE04EC0-301F-11D3-BF4B-00C04F79EFBC}") = "AiTaskRunner", "tools\\AiTaskRunner\\AiTaskRunner.csproj", "{5EC72576-1FE0-4C81-9782-83C30205E98C}"
EndProject
Project("{FAE04EC0-301F-11D3-BF4B-00C04F79EFBC}") = "CargoTrustServer", "microservices\CargoTrustServer\CargoTrustServer.csproj", "{E617E2E9-5506-476F-99E4-7843DA93D8E2}"
EndProject
Global
	GlobalSection(SolutionConfigurationPlatforms) = preSolution
		Debug|Any CPU = Debug|Any CPU
		Debug|x64 = Debug|x64
		Debug|x86 = Debug|x86
		Release|Any CPU = Release|Any CPU
		Release|x64 = Release|x64
		Release|x86 = Release|x86
	EndGlobalSection
	GlobalSection(ProjectConfigurationPlatforms) = postSolution
		{37B6EAE1-C462-61D7-686C-39961B4918FC}.Debug|Any CPU.ActiveCfg = Debug|Any CPU
		{37B6EAE1-C462-61D7-686C-39961B4918FC}.Debug|Any CPU.Build.0 = Debug|Any CPU
		{37B6EAE1-C462-61D7-686C-39961B4918FC}.Debug|x64.ActiveCfg = Debug|Any CPU
		{37B6EAE1-C462-61D7-686C-39961B4918FC}.Debug|x64.Build.0 = Debug|Any CPU
		{37B6EAE1-C462-61D7-686C-39961B4918FC}.Debug|x86.ActiveCfg = Debug|Any CPU
		{37B6EAE1-C462-61D7-686C-39961B4918FC}.Debug|x86.Build.0 = Debug|Any CPU
		{37B6EAE1-C462-61D7-686C-39961B4918FC}.Release|Any CPU.ActiveCfg = Release|Any CPU
		{37B6EAE1-C462-61D7-686C-39961B4918FC}.Release|Any CPU.Build.0 = Release|Any CPU
		{37B6EAE1-C462-61D7-686C-39961B4918FC}.Release|x64.ActiveCfg = Release|Any CPU
		{37B6EAE1-C462-61D7-686C-39961B4918FC}.Release|x64.Build.0 = Release|Any CPU
		{37B6EAE1-C462-61D7-686C-39961B4918FC}.Release|x86.ActiveCfg = Release|Any CPU
		{37B6EAE1-C462-61D7-686C-39961B4918FC}.Release|x86.Build.0 = Release|Any CPU
		{78617102-00E3-2DE6-2B21-1D4CF2BB9E9D}.Debug|Any CPU.ActiveCfg = Debug|Any CPU
		{78617102-00E3-2DE6-2B21-1D4CF2BB9E9D}.Debug|Any CPU.Build.0 = Debug|Any CPU
		{78617102-00E3-2DE6-2B21-1D4CF2BB9E9D}.Debug|x64.ActiveCfg = Debug|Any CPU
		{78617102-00E3-2DE6-2B21-1D4CF2BB9E9D}.Debug|x64.Build.0 = Debug|Any CPU
		{78617102-00E3-2DE6-2B21-1D4CF2BB9E9D}.Debug|x86.ActiveCfg = Debug|Any CPU
		{78617102-00E3-2DE6-2B21-1D4CF2BB9E9D}.Debug|x86.Build.0 = Debug|Any CPU
		{78617102-00E3-2DE6-2B21-1D4CF2BB9E9D}.Release|Any CPU.ActiveCfg = Release|Any CPU
		{78617102-00E3-2DE6-2B21-1D4CF2BB9E9D}.Release|Any CPU.Build.0 = Release|Any CPU
		{78617102-00E3-2DE6-2B21-1D4CF2BB9E9D}.Release|x64.ActiveCfg = Release|Any CPU
		{78617102-00E3-2DE6-2B21-1D4CF2BB9E9D}.Release|x64.Build.0 = Release|Any CPU
		{78617102-00E3-2DE6-2B21-1D4CF2BB9E9D}.Release|x86.ActiveCfg = Release|Any CPU
		{78617102-00E3-2DE6-2B21-1D4CF2BB9E9D}.Release|x86.Build.0 = Release|Any CPU
		{FC069C58-AFF9-874D-424E-51D738D28DC8}.Debug|Any CPU.ActiveCfg = Debug|Any CPU
		{FC069C58-AFF9-874D-424E-51D738D28DC8}.Debug|Any CPU.Build.0 = Debug|Any CPU
		{FC069C58-AFF9-874D-424E-51D738D28DC8}.Debug|x64.ActiveCfg = Debug|Any CPU
		{FC069C58-AFF9-874D-424E-51D738D28DC8}.Debug|x64.Build.0 = Debug|Any CPU
		{FC069C58-AFF9-874D-424E-51D738D28DC8}.Debug|x86.ActiveCfg = Debug|Any CPU
		{FC069C58-AFF9-874D-424E-51D738D28DC8}.Debug|x86.Build.0 = Debug|Any CPU
		{FC069C58-AFF9-874D-424E-51D738D28DC8}.Release|Any CPU.ActiveCfg = Release|Any CPU
		{FC069C58-AFF9-874D-424E-51D738D28DC8}.Release|Any CPU.Build.0 = Release|Any CPU
		{FC069C58-AFF9-874D-424E-51D738D28DC8}.Release|x64.ActiveCfg = Release|Any CPU
		{FC069C58-AFF9-874D-424E-51D738D28DC8}.Release|x64.Build.0 = Release|Any CPU
		{FC069C58-AFF9-874D-424E-51D738D28DC8}.Release|x86.ActiveCfg = Release|Any CPU
		{FC069C58-AFF9-874D-424E-51D738D28DC8}.Release|x86.Build.0 = Release|Any CPU
		{49A65650-CBE4-4DE5-97D3-FAC385F40288}.Debug|Any CPU.ActiveCfg = Debug|Any CPU
		{49A65650-CBE4-4DE5-97D3-FAC385F40288}.Debug|Any CPU.Build.0 = Debug|Any CPU
		{49A65650-CBE4-4DE5-97D3-FAC385F40288}.Debug|x64.ActiveCfg = Debug|Any CPU
		{49A65650-CBE4-4DE5-97D3-FAC385F40288}.Debug|x64.Build.0 = Debug|Any CPU
		{49A65650-CBE4-4DE5-97D3-FAC385F40288}.Debug|x86.ActiveCfg = Debug|Any CPU
		{49A65650-CBE4-4DE5-97D3-FAC385F40288}.Debug|x86.Build.0 = Debug|Any CPU
		{49A65650-CBE4-4DE5-97D3-FAC385F40288}.Release|Any CPU.ActiveCfg = Release|Any CPU
		{49A65650-CBE4-4DE5-97D3-FAC385F40288}.Release|Any CPU.Build.0 = Release|Any CPU
		{49A65650-CBE4-4DE5-97D3-FAC385F40288}.Release|x64.ActiveCfg = Release|Any CPU
		{49A65650-CBE4-4DE5-97D3-FAC385F40288}.Release|x64.Build.0 = Release|Any CPU
		{49A65650-CBE4-4DE5-97D3-FAC385F40288}.Release|x86.ActiveCfg = Release|Any CPU
		{49A65650-CBE4-4DE5-97D3-FAC385F40288}.Release|x86.Build.0 = Release|Any CPU
		{99311B78-D1B1-4D59-9E7E-35EDB402BEF2}.Debug|Any CPU.ActiveCfg = Debug|Any CPU
		{99311B78-D1B1-4D59-9E7E-35EDB402BEF2}.Debug|Any CPU.Build.0 = Debug|Any CPU
		{99311B78-D1B1-4D59-9E7E-35EDB402BEF2}.Debug|x64.ActiveCfg = Debug|Any CPU
		{99311B78-D1B1-4D59-9E7E-35EDB402BEF2}.Debug|x64.Build.0 = Debug|Any CPU
		{99311B78-D1B1-4D59-9E7E-35EDB402BEF2}.Debug|x86.ActiveCfg = Debug|Any CPU
		{99311B78-D1B1-4D59-9E7E-35EDB402BEF2}.Debug|x86.Build.0 = Debug|Any CPU
		{99311B78-D1B1-4D59-9E7E-35EDB402BEF2}.Release|Any CPU.ActiveCfg = Release|Any CPU
		{99311B78-D1B1-4D59-9E7E-35EDB402BEF2}.Release|Any CPU.Build.0 = Release|Any CPU
		{99311B78-D1B1-4D59-9E7E-35EDB402BEF2}.Release|x64.ActiveCfg = Release|Any CPU
		{99311B78-D1B1-4D59-9E7E-35EDB402BEF2}.Release|x64.Build.0 = Release|Any CPU
		{99311B78-D1B1-4D59-9E7E-35EDB402BEF2}.Release|x86.ActiveCfg = Release|Any CPU
		{99311B78-D1B1-4D59-9E7E-35EDB402BEF2}.Release|x86.Build.0 = Release|Any CPU
		{3A9D84E6-7D04-446E-9F69-0525ABC666F4}.Debug|Any CPU.ActiveCfg = Debug|Any CPU
		{3A9D84E6-7D04-446E-9F69-0525ABC666F4}.Debug|Any CPU.Build.0 = Debug|Any CPU
		{3A9D84E6-7D04-446E-9F69-0525ABC666F4}.Debug|x64.ActiveCfg = Debug|Any CPU
		{3A9D84E6-7D04-446E-9F69-0525ABC666F4}.Debug|x64.Build.0 = Debug|Any CPU
		{3A9D84E6-7D04-446E-9F69-0525ABC666F4}.Debug|x86.ActiveCfg = Debug|Any CPU
		{3A9D84E6-7D04-446E-9F69-0525ABC666F4}.Debug|x86.Build.0 = Debug|Any CPU
		{3A9D84E6-7D04-446E-9F69-0525ABC666F4}.Release|Any CPU.ActiveCfg = Release|Any CPU
		{3A9D84E6-7D04-446E-9F69-0525ABC666F4}.Release|Any CPU.Build.0 = Release|Any CPU
		{3A9D84E6-7D04-446E-9F69-0525ABC666F4}.Release|x64.ActiveCfg = Release|Any CPU
		{3A9D84E6-7D04-446E-9F69-0525ABC666F4}.Release|x64.Build.0 = Release|Any CPU
		{3A9D84E6-7D04-446E-9F69-0525ABC666F4}.Release|x86.ActiveCfg = Release|Any CPU
		{3A9D84E6-7D04-446E-9F69-0525ABC666F4}.Release|x86.Build.0 = Release|Any CPU
		{1034C34D-7C43-4199-8FF2-CE9BC4A23EEC}.Debug|Any CPU.ActiveCfg = Debug|Any CPU
		{1034C34D-7C43-4199-8FF2-CE9BC4A23EEC}.Debug|Any CPU.Build.0 = Debug|Any CPU
		{1034C34D-7C43-4199-8FF2-CE9BC4A23EEC}.Debug|x64.ActiveCfg = Debug|Any CPU
		{1034C34D-7C43-4199-8FF2-CE9BC4A23EEC}.Debug|x64.Build.0 = Debug|Any CPU
		{1034C34D-7C43-4199-8FF2-CE9BC4A23EEC}.Debug|x86.ActiveCfg = Debug|Any CPU
		{1034C34D-7C43-4199-8FF2-CE9BC4A23EEC}.Debug|x86.Build.0 = Debug|Any CPU
		{1034C34D-7C43-4199-8FF2-CE9BC4A23EEC}.Release|Any CPU.ActiveCfg = Release|Any CPU
		{1034C34D-7C43-4199-8FF2-CE9BC4A23EEC}.Release|Any CPU.Build.0 = Release|Any CPU
		{1034C34D-7C43-4199-8FF2-CE9BC4A23EEC}.Release|x64.ActiveCfg = Release|Any CPU
		{1034C34D-7C43-4199-8FF2-CE9BC4A23EEC}.Release|x64.Build.0 = Release|Any CPU
		{1034C34D-7C43-4199-8FF2-CE9BC4A23EEC}.Release|x86.ActiveCfg = Release|Any CPU
		{1034C34D-7C43-4199-8FF2-CE9BC4A23EEC}.Release|x86.Build.0 = Release|Any CPU
		{6BD3F854-6110-4CBB-9B0D-97734CAF6F63}.Debug|Any CPU.ActiveCfg = Debug|Any CPU
		{6BD3F854-6110-4CBB-9B0D-97734CAF6F63}.Debug|Any CPU.Build.0 = Debug|Any CPU
		{6BD3F854-6110-4CBB-9B0D-97734CAF6F63}.Debug|x64.ActiveCfg = Debug|Any CPU
		{6BD3F854-6110-4CBB-9B0D-97734CAF6F63}.Debug|x64.Build.0 = Debug|Any CPU
		{6BD3F854-6110-4CBB-9B0D-97734CAF6F63}.Debug|x86.ActiveCfg = Debug|Any CPU
		{6BD3F854-6110-4CBB-9B0D-97734CAF6F63}.Debug|x86.Build.0 = Debug|Any CPU
		{6BD3F854-6110-4CBB-9B0D-97734CAF6F63}.Release|Any CPU.ActiveCfg = Release|Any CPU
		{6BD3F854-6110-4CBB-9B0D-97734CAF6F63}.Release|Any CPU.Build.0 = Release|Any CPU
		{6BD3F854-6110-4CBB-9B0D-97734CAF6F63}.Release|x64.ActiveCfg = Release|Any CPU
		{6BD3F854-6110-4CBB-9B0D-97734CAF6F63}.Release|x64.Build.0 = Release|Any CPU
		{6BD3F854-6110-4CBB-9B0D-97734CAF6F63}.Release|x86.ActiveCfg = Release|Any CPU
		{6BD3F854-6110-4CBB-9B0D-97734CAF6F63}.Release|x86.Build.0 = Release|Any CPU
		{448C6115-AB9F-4596-9B6A-7A4E739D3DC9}.Debug|Any CPU.ActiveCfg = Debug|Any CPU
		{448C6115-AB9F-4596-9B6A-7A4E739D3DC9}.Debug|Any CPU.Build.0 = Debug|Any CPU
		{448C6115-AB9F-4596-9B6A-7A4E739D3DC9}.Debug|x64.ActiveCfg = Debug|Any CPU
		{448C6115-AB9F-4596-9B6A-7A4E739D3DC9}.Debug|x64.Build.0 = Debug|Any CPU
		{448C6115-AB9F-4596-9B6A-7A4E739D3DC9}.Debug|x86.ActiveCfg = Debug|Any CPU
		{448C6115-AB9F-4596-9B6A-7A4E739D3DC9}.Debug|x86.Build.0 = Debug|Any CPU
		{448C6115-AB9F-4596-9B6A-7A4E739D3DC9}.Release|Any CPU.ActiveCfg = Release|Any CPU
		{448C6115-AB9F-4596-9B6A-7A4E739D3DC9}.Release|Any CPU.Build.0 = Release|Any CPU
		{448C6115-AB9F-4596-9B6A-7A4E739D3DC9}.Release|x64.ActiveCfg = Release|Any CPU
		{448C6115-AB9F-4596-9B6A-7A4E739D3DC9}.Release|x64.Build.0 = Release|Any CPU
		{448C6115-AB9F-4596-9B6A-7A4E739D3DC9}.Release|x86.ActiveCfg = Release|Any CPU
		{448C6115-AB9F-4596-9B6A-7A4E739D3DC9}.Release|x86.Build.0 = Release|Any CPU
		{8567BBF2-F100-4E90-961E-F944DC07E663}.Debug|Any CPU.ActiveCfg = Debug|Any CPU
		{8567BBF2-F100-4E90-961E-F944DC07E663}.Debug|Any CPU.Build.0 = Debug|Any CPU
		{8567BBF2-F100-4E90-961E-F944DC07E663}.Debug|x64.ActiveCfg = Debug|Any CPU
		{8567BBF2-F100-4E90-961E-F944DC07E663}.Debug|x64.Build.0 = Debug|Any CPU
		{8567BBF2-F100-4E90-961E-F944DC07E663}.Debug|x86.ActiveCfg = Debug|Any CPU
		{8567BBF2-F100-4E90-961E-F944DC07E663}.Debug|x86.Build.0 = Debug|Any CPU
		{8567BBF2-F100-4E90-961E-F944DC07E663}.Release|Any CPU.ActiveCfg = Release|Any CPU
		{8567BBF2-F100-4E90-961E-F944DC07E663}.Release|Any CPU.Build.0 = Release|Any CPU
		{8567BBF2-F100-4E90-961E-F944DC07E663}.Release|x64.ActiveCfg = Release|Any CPU
		{8567BBF2-F100-4E90-961E-F944DC07E663}.Release|x64.Build.0 = Release|Any CPU
		{8567BBF2-F100-4E90-961E-F944DC07E663}.Release|x86.ActiveCfg = Release|Any CPU
		{8567BBF2-F100-4E90-961E-F944DC07E663}.Release|x86.Build.0 = Release|Any CPU
		{976C0C91-9262-4FD9-B57F-F1561AA3DEE9}.Debug|Any CPU.ActiveCfg = Debug|Any CPU
		{976C0C91-9262-4FD9-B57F-F1561AA3DEE9}.Debug|Any CPU.Build.0 = Debug|Any CPU
		{976C0C91-9262-4FD9-B57F-F1561AA3DEE9}.Debug|x64.ActiveCfg = Debug|Any CPU
		{976C0C91-9262-4FD9-B57F-F1561AA3DEE9}.Debug|x64.Build.0 = Debug|Any CPU
		{976C0C91-9262-4FD9-B57F-F1561AA3DEE9}.Debug|x86.ActiveCfg = Debug|Any CPU
		{976C0C91-9262-4FD9-B57F-F1561AA3DEE9}.Debug|x86.Build.0 = Debug|Any CPU
		{976C0C91-9262-4FD9-B57F-F1561AA3DEE9}.Release|Any CPU.ActiveCfg = Release|Any CPU
		{976C0C91-9262-4FD9-B57F-F1561AA3DEE9}.Release|Any CPU.Build.0 = Release|Any CPU
		{976C0C91-9262-4FD9-B57F-F1561AA3DEE9}.Release|x64.ActiveCfg = Release|Any CPU
		{976C0C91-9262-4FD9-B57F-F1561AA3DEE9}.Release|x64.Build.0 = Release|Any CPU
		{976C0C91-9262-4FD9-B57F-F1561AA3DEE9}.Release|x86.ActiveCfg = Release|Any CPU
		{976C0C91-9262-4FD9-B57F-F1561AA3DEE9}.Release|x86.Build.0 = Release|Any CPU
		{3584B106-3ABE-4FBC-B8FB-9C77058B3766}.Debug|Any CPU.ActiveCfg = Debug|Any CPU
		{3584B106-3ABE-4FBC-B8FB-9C77058B3766}.Debug|Any CPU.Build.0 = Debug|Any CPU
		{3584B106-3ABE-4FBC-B8FB-9C77058B3766}.Debug|x64.ActiveCfg = Debug|Any CPU
		{3584B106-3ABE-4FBC-B8FB-9C77058B3766}.Debug|x64.Build.0 = Debug|Any CPU
		{3584B106-3ABE-4FBC-B8FB-9C77058B3766}.Debug|x86.ActiveCfg = Debug|Any CPU
		{3584B106-3ABE-4FBC-B8FB-9C77058B3766}.Debug|x86.Build.0 = Debug|Any CPU
		{3584B106-3ABE-4FBC-B8FB-9C77058B3766}.Release|Any CPU.ActiveCfg = Release|Any CPU
		{3584B106-3ABE-4FBC-B8FB-9C77058B3766}.Release|Any CPU.Build.0 = Release|Any CPU
		{3584B106-3ABE-4FBC-B8FB-9C77058B3766}.Release|x64.ActiveCfg = Release|Any CPU
		{3584B106-3ABE-4FBC-B8FB-9C77058B3766}.Release|x64.Build.0 = Release|Any CPU
		{3584B106-3ABE-4FBC-B8FB-9C77058B3766}.Release|x86.ActiveCfg = Release|Any CPU
		{3584B106-3ABE-4FBC-B8FB-9C77058B3766}.Release|x86.Build.0 = Release|Any CPU
		{DAADF995-700F-4F35-ADE0-08CD95CBCB46}.Debug|Any CPU.ActiveCfg = Debug|Any CPU
		{DAADF995-700F-4F35-ADE0-08CD95CBCB46}.Debug|Any CPU.Build.0 = Debug|Any CPU
		{DAADF995-700F-4F35-ADE0-08CD95CBCB46}.Debug|x64.ActiveCfg = Debug|Any CPU
		{DAADF995-700F-4F35-ADE0-08CD95CBCB46}.Debug|x64.Build.0 = Debug|Any CPU
		{DAADF995-700F-4F35-ADE0-08CD95CBCB46}.Debug|x86.ActiveCfg = Debug|Any CPU
		{DAADF995-700F-4F35-ADE0-08CD95CBCB46}.Debug|x86.Build.0 = Debug|Any CPU
		{DAADF995-700F-4F35-ADE0-08CD95CBCB46}.Release|Any CPU.ActiveCfg = Release|Any CPU
		{DAADF995-700F-4F35-ADE0-08CD95CBCB46}.Release|Any CPU.Build.0 = Release|Any CPU
		{DAADF995-700F-4F35-ADE0-08CD95CBCB46}.Release|x64.ActiveCfg = Release|Any CPU
		{DAADF995-700F-4F35-ADE0-08CD95CBCB46}.Release|x64.Build.0 = Release|Any CPU
		{DAADF995-700F-4F35-ADE0-08CD95CBCB46}.Release|x86.ActiveCfg = Release|Any CPU
		{DAADF995-700F-4F35-ADE0-08CD95CBCB46}.Release|x86.Build.0 = Release|Any CPU
		{5EC72576-1FE0-4C81-9782-83C30205E98C}.Debug|Any CPU.ActiveCfg = Debug|Any CPU
		{5EC72576-1FE0-4C81-9782-83C30205E98C}.Debug|Any CPU.Build.0 = Debug|Any CPU
		{5EC72576-1FE0-4C81-9782-83C30205E98C}.Release|Any CPU.ActiveCfg = Release|Any CPU
		{5EC72576-1FE0-4C81-9782-83C30205E98C}.Release|Any CPU.Build.0 = Release|Any CPU
		{E617E2E9-5506-476F-99E4-7843DA93D8E2}.Debug|Any CPU.ActiveCfg = Debug|Any CPU
		{E617E2E9-5506-476F-99E4-7843DA93D8E2}.Debug|Any CPU.Build.0 = Debug|Any CPU
		{E617E2E9-5506-476F-99E4-7843DA93D8E2}.Debug|x64.ActiveCfg = Debug|Any CPU
		{E617E2E9-5506-476F-99E4-7843DA93D8E2}.Debug|x64.Build.0 = Debug|Any CPU
		{E617E2E9-5506-476F-99E4-7843DA93D8E2}.Debug|x86.ActiveCfg = Debug|Any CPU
		{E617E2E9-5506-476F-99E4-7843DA93D8E2}.Debug|x86.Build.0 = Debug|Any CPU
		{E617E2E9-5506-476F-99E4-7843DA93D8E2}.Release|Any CPU.ActiveCfg = Release|Any CPU
		{E617E2E9-5506-476F-99E4-7843DA93D8E2}.Release|Any CPU.Build.0 = Release|Any CPU
		{E617E2E9-5506-476F-99E4-7843DA93D8E2}.Release|x64.ActiveCfg = Release|Any CPU
		{E617E2E9-5506-476F-99E4-7843DA93D8E2}.Release|x64.Build.0 = Release|Any CPU
		{E617E2E9-5506-476F-99E4-7843DA93D8E2}.Release|x86.ActiveCfg = Release|Any CPU
		{E617E2E9-5506-476F-99E4-7843DA93D8E2}.Release|x86.Build.0 = Release|Any CPU
	EndGlobalSection
	GlobalSection(SolutionProperties) = preSolution
		HideSolutionNode = FALSE
	EndGlobalSection
	GlobalSection(NestedProjects) = preSolution
		{37B6EAE1-C462-61D7-686C-39961B4918FC} = {0AB2403E-21D5-F837-CA70-7B3176EC020F}
		{78617102-00E3-2DE6-2B21-1D4CF2BB9E9D} = {D5740E39-79EC-8D71-EBC3-DD458F48E25C}
		{FC069C58-AFF9-874D-424E-51D738D28DC8} = {8A367DDA-5161-A942-4F09-60E4726C9306}
		{49A65650-CBE4-4DE5-97D3-FAC385F40288} = {8A367DDA-5161-A942-4F09-60E4726C9306}
		{99311B78-D1B1-4D59-9E7E-35EDB402BEF2} = {8A367DDA-5161-A942-4F09-60E4726C9306}
		{3A9D84E6-7D04-446E-9F69-0525ABC666F4} = {8A367DDA-5161-A942-4F09-60E4726C9306}
		{1A708649-3CE1-43D2-90B4-03A03C84A3CE} = {8A367DDA-5161-A942-4F09-60E4726C9306}
		{1034C34D-7C43-4199-8FF2-CE9BC4A23EEC} = {1A708649-3CE1-43D2-90B4-03A03C84A3CE}
		{6BD3F854-6110-4CBB-9B0D-97734CAF6F63} = {1A708649-3CE1-43D2-90B4-03A03C84A3CE}
		{448C6115-AB9F-4596-9B6A-7A4E739D3DC9} = {1A708649-3CE1-43D2-90B4-03A03C84A3CE}
		{8567BBF2-F100-4E90-961E-F944DC07E663} = {8A367DDA-5161-A942-4F09-60E4726C9306}
		{976C0C91-9262-4FD9-B57F-F1561AA3DEE9} = {8A367DDA-5161-A942-4F09-60E4726C9306}
		{3584B106-3ABE-4FBC-B8FB-9C77058B3766} = {8A367DDA-5161-A942-4F09-60E4726C9306}
		{DAADF995-700F-4F35-ADE0-08CD95CBCB46} = {8A367DDA-5161-A942-4F09-60E4726C9306}
		{5EC72576-1FE0-4C81-9782-83C30205E98C} = {F2DF177C-5E87-4D7D-85E2-40CD8D212774}
		{E617E2E9-5506-476F-99E4-7843DA93D8E2} = {8A367DDA-5161-A942-4F09-60E4726C9306}
	EndGlobalSection
	GlobalSection(ExtensibilityGlobals) = postSolution
		SolutionGuid = {D891ABC3-81DA-467B-920C-3056919A3FEF}
	EndGlobalSection
EndGlobal
